
Microsoft Visual Studio Solution File, Format Version 12.00
# Visual Studio Version 16
VisualStudioVersion = 25.0.1704.0
MinimumVisualStudioVersion = 10.0.40219.1
Project("{FAE04EC0-301F-11D3-BF4B-00C04F79EFBC}") = "PracticeExercise4", "PracticeExercise4\PracticeExercise4.csproj", "{5FE44BEE-E54E-4114-8F27-934822A59D22}"
EndProject
Project("{FAE04EC0-301F-11D3-BF4B-00C04F79EFBC}") = "UnitTests", "UnitTests\UnitTests.csproj", "{47E9ECCB-CB77-47F2-BDD7-C2A7F87AA8D2}"
EndProject
Global
	GlobalSection(SolutionConfigurationPlatforms) = preSolution
		Debug|Any CPU = Debug|Any CPU
		Release|Any CPU = Release|Any CPU
	EndGlobalSection
	GlobalSection(ProjectConfigurationPlatforms) = postSolution
		{5FE44BEE-E54E-4114-8F27-934822A59D22}.Debug|Any CPU.ActiveCfg = Debug|Any CPU
		{5FE44BEE-E54E-4114-8F27-934822A59D22}.Debug|Any CPU.Build.0 = Debug|Any CPU
		{5FE44BEE-E54E-4114-8F27-934822A59D22}.Release|Any CPU.ActiveCfg = Release|Any CPU
		{5FE44BEE-E54E-4114-8F27-934822A59D22}.Release|Any CPU.Build.0 = Release|Any CPU
		{47E9ECCB-CB77-47F2-BDD7-C2A7F87AA8D2}.Debug|Any CPU.ActiveCfg = Debug|Any CPU
		{47E9ECCB-CB77-47F2-BDD7-C2A7F87AA8D2}.Debug|Any CPU.Build.0 = Debug|Any CPU
		{47E9ECCB-CB77-47F2-BDD7-C2A7F87AA8D2}.Release|Any CPU.ActiveCfg = Release|Any CPU
		{47E9ECCB-CB77-47F2-BDD7-C2A7F87AA8D2}.Release|Any CPU.Build.0 = Release|Any CPU
	EndGlobalSection
	GlobalSection(SolutionProperties) = preSolution
		HideSolutionNode = FALSE
	EndGlobalSection
	GlobalSection(ExtensibilityGlobals) = postSolution
		SolutionGuid = {301EDE6B-66D8-40FB-833F-60C2CD6D4B18}
	EndGlobalSection
EndGlobal
